
Microsoft Visual Studio Solution File, Format Version 12.00
Project("{FAE04EC0-301F-11D3-BF4B-00C04F79EFBC}") = "BaiduSpider", "BaiduSpider\BaiduSpider.csproj", "{7EB9871F-A931-4B23-B8E3-7744288544B8}"
EndProject
Project("{FAE04EC0-301F-11D3-BF4B-00C04F79EFBC}") = "Spider.Common", "Spider.Common\Spider.Common.csproj", "{058E6CE6-6596-415A-B6D0-3B6ACD46AD61}"
EndProject
Project("{FAE04EC0-301F-11D3-BF4B-00C04F79EFBC}") = "ThePaperSpider", "ThePaperSpider\ThePaperSpider.csproj", "{B8694536-BFAC-496C-977D-49F370EBB62F}"
EndProject
Project("{FAE04EC0-301F-11D3-BF4B-00C04F79EFBC}") = "WorkerCnSpider", "WorkerCnSpider\WorkerCnSpider.csproj", "{35606D29-C68E-44FD-8FA9-196466CBFD30}"
EndProject
Project("{FAE04EC0-301F-11D3-BF4B-00C04F79EFBC}") = "MoeSpider", "MoeSpider\MoeSpider.csproj", "{2022570C-DF98-4CA9-A418-05AF6B9568B7}"
EndProject
Project("{FAE04EC0-301F-11D3-BF4B-00C04F79EFBC}") = "NewsSpider", "NewsSpider\NewsSpider.csproj", "{24441BE2-2F15-47E5-A067-B6CEC2A938ED}"
EndProject
Global
	GlobalSection(SolutionConfigurationPlatforms) = preSolution
		Debug|Any CPU = Debug|Any CPU
		Release|Any CPU = Release|Any CPU
	EndGlobalSection
	GlobalSection(ProjectConfigurationPlatforms) = postSolution
		{7EB9871F-A931-4B23-B8E3-7744288544B8}.Debug|Any CPU.ActiveCfg = Debug|Any CPU
		{7EB9871F-A931-4B23-B8E3-7744288544B8}.Debug|Any CPU.Build.0 = Debug|Any CPU
		{7EB9871F-A931-4B23-B8E3-7744288544B8}.Release|Any CPU.ActiveCfg = Release|Any CPU
		{7EB9871F-A931-4B23-B8E3-7744288544B8}.Release|Any CPU.Build.0 = Release|Any CPU
		{058E6CE6-6596-415A-B6D0-3B6ACD46AD61}.Debug|Any CPU.ActiveCfg = Debug|Any CPU
		{058E6CE6-6596-415A-B6D0-3B6ACD46AD61}.Debug|Any CPU.Build.0 = Debug|Any CPU
		{058E6CE6-6596-415A-B6D0-3B6ACD46AD61}.Release|Any CPU.ActiveCfg = Release|Any CPU
		{058E6CE6-6596-415A-B6D0-3B6ACD46AD61}.Release|Any CPU.Build.0 = Release|Any CPU
		{B8694536-BFAC-496C-977D-49F370EBB62F}.Debug|Any CPU.ActiveCfg = Debug|Any CPU
		{B8694536-BFAC-496C-977D-49F370EBB62F}.Debug|Any CPU.Build.0 = Debug|Any CPU
		{B8694536-BFAC-496C-977D-49F370EBB62F}.Release|Any CPU.ActiveCfg = Release|Any CPU
		{B8694536-BFAC-496C-977D-49F370EBB62F}.Release|Any CPU.Build.0 = Release|Any CPU
		{35606D29-C68E-44FD-8FA9-196466CBFD30}.Debug|Any CPU.ActiveCfg = Debug|Any CPU
		{35606D29-C68E-44FD-8FA9-196466CBFD30}.Debug|Any CPU.Build.0 = Debug|Any CPU
		{35606D29-C68E-44FD-8FA9-196466CBFD30}.Release|Any CPU.ActiveCfg = Release|Any CPU
		{35606D29-C68E-44FD-8FA9-196466CBFD30}.Release|Any CPU.Build.0 = Release|Any CPU
		{2022570C-DF98-4CA9-A418-05AF6B9568B7}.Debug|Any CPU.ActiveCfg = Debug|Any CPU
		{2022570C-DF98-4CA9-A418-05AF6B9568B7}.Debug|Any CPU.Build.0 = Debug|Any CPU
		{2022570C-DF98-4CA9-A418-05AF6B9568B7}.Release|Any CPU.ActiveCfg = Release|Any CPU
		{2022570C-DF98-4CA9-A418-05AF6B9568B7}.Release|Any CPU.Build.0 = Release|Any CPU
		{24441BE2-2F15-47E5-A067-B6CEC2A938ED}.Debug|Any CPU.ActiveCfg = Debug|Any CPU
		{24441BE2-2F15-47E5-A067-B6CEC2A938ED}.Debug|Any CPU.Build.0 = Debug|Any CPU
		{24441BE2-2F15-47E5-A067-B6CEC2A938ED}.Release|Any CPU.ActiveCfg = Release|Any CPU
		{24441BE2-2F15-47E5-A067-B6CEC2A938ED}.Release|Any CPU.Build.0 = Release|Any CPU
	EndGlobalSection
EndGlobal
